
Microsoft Visual Studio Solution File, Format Version 12.00
# Visual Studio Version 16
VisualStudioVersion = 16.0.31205.134
MinimumVisualStudioVersion = 10.0.40219.1
Project("{9A19103F-16F7-4668-BE54-9A1E7A4F7556}") = "Coursework(PL)", "Coursework(PL).csproj", "{5FF1A1C9-9519-435A-8AC9-1A6D86FC3444}"
EndProject
Project("{9A19103F-16F7-4668-BE54-9A1E7A4F7556}") = "Coursework(BLL)", "..\Coursework(BLL)\Coursework(BLL).csproj", "{120FF745-A6B4-4788-BA8B-B6708C898FE9}"
EndProject
Project("{9A19103F-16F7-4668-BE54-9A1E7A4F7556}") = "Coursework(DAL)", "..\Coursework(DAL)\Coursework(DAL).csproj", "{95DEF075-550A-445F-95A4-FDD80C0D639D}"
EndProject
Project("{2150E333-8FDC-42A3-9474-1A3956D46DE8}") = "Solution Items", "Solution Items", "{E38E1F56-0BA1-4446-A66D-839D5535FCDE}"
	ProjectSection(SolutionItems) = preProject
		.editorconfig = .editorconfig
	EndProjectSection
EndProject
Project("{2150E333-8FDC-42A3-9474-1A3956D46DE8}") = "Tests", "Tests", "{F5F89018-9C90-4B9B-BCDA-6A1E0295146D}"
EndProject
Project("{FAE04EC0-301F-11D3-BF4B-00C04F79EFBC}") = "BLL_RoomTests", "..\BLL_RoomTests\BLL_RoomTests.csproj", "{17BAE9F6-67E4-47A0-ADF4-A292F9813762}"
EndProject
Project("{FAE04EC0-301F-11D3-BF4B-00C04F79EFBC}") = "BLL_ClientTests", "..\BLL_ClientTests\BLL_ClientTests.csproj", "{A08F02E8-8BBF-4765-A0DC-64C78686B4EB}"
EndProject
Project("{FAE04EC0-301F-11D3-BF4B-00C04F79EFBC}") = "BLL_HotelTests", "..\BLL_HotelTests\BLL_HotelTests.csproj", "{738F003D-8F8E-4E08-9C1A-589E7ACFCA97}"
EndProject
Project("{FAE04EC0-301F-11D3-BF4B-00C04F79EFBC}") = "BLL_OrderOnRoomTests", "..\BLL_OrderOnRoomTests\BLL_OrderOnRoomTests.csproj", "{A323140A-F1DB-4B77-AE60-5208B3515F1E}"
EndProject
Project("{FAE04EC0-301F-11D3-BF4B-00C04F79EFBC}") = "DAL_OrderTests", "..\DAL_OrderTests\DAL_OrderTests.csproj", "{A5191311-827F-42A7-A0E4-2A2BEC7D4304}"
EndProject
Global
	GlobalSection(SolutionConfigurationPlatforms) = preSolution
		Debug|Any CPU = Debug|Any CPU
		Release|Any CPU = Release|Any CPU
	EndGlobalSection
	GlobalSection(ProjectConfigurationPlatforms) = postSolution
		{5FF1A1C9-9519-435A-8AC9-1A6D86FC3444}.Debug|Any CPU.ActiveCfg = Debug|Any CPU
		{5FF1A1C9-9519-435A-8AC9-1A6D86FC3444}.Debug|Any CPU.Build.0 = Debug|Any CPU
		{5FF1A1C9-9519-435A-8AC9-1A6D86FC3444}.Release|Any CPU.ActiveCfg = Release|Any CPU
		{5FF1A1C9-9519-435A-8AC9-1A6D86FC3444}.Release|Any CPU.Build.0 = Release|Any CPU
		{120FF745-A6B4-4788-BA8B-B6708C898FE9}.Debug|Any CPU.ActiveCfg = Debug|Any CPU
		{120FF745-A6B4-4788-BA8B-B6708C898FE9}.Debug|Any CPU.Build.0 = Debug|Any CPU
		{120FF745-A6B4-4788-BA8B-B6708C898FE9}.Release|Any CPU.ActiveCfg = Release|Any CPU
		{120FF745-A6B4-4788-BA8B-B6708C898FE9}.Release|Any CPU.Build.0 = Release|Any CPU
		{95DEF075-550A-445F-95A4-FDD80C0D639D}.Debug|Any CPU.ActiveCfg = Debug|Any CPU
		{95DEF075-550A-445F-95A4-FDD80C0D639D}.Debug|Any CPU.Build.0 = Debug|Any CPU
		{95DEF075-550A-445F-95A4-FDD80C0D639D}.Release|Any CPU.ActiveCfg = Release|Any CPU
		{95DEF075-550A-445F-95A4-FDD80C0D639D}.Release|Any CPU.Build.0 = Release|Any CPU
		{17BAE9F6-67E4-47A0-ADF4-A292F9813762}.Debug|Any CPU.ActiveCfg = Debug|Any CPU
		{17BAE9F6-67E4-47A0-ADF4-A292F9813762}.Debug|Any CPU.Build.0 = Debug|Any CPU
		{17BAE9F6-67E4-47A0-ADF4-A292F9813762}.Release|Any CPU.ActiveCfg = Release|Any CPU
		{17BAE9F6-67E4-47A0-ADF4-A292F9813762}.Release|Any CPU.Build.0 = Release|Any CPU
		{A08F02E8-8BBF-4765-A0DC-64C78686B4EB}.Debug|Any CPU.ActiveCfg = Debug|Any CPU
		{A08F02E8-8BBF-4765-A0DC-64C78686B4EB}.Debug|Any CPU.Build.0 = Debug|Any CPU
		{A08F02E8-8BBF-4765-A0DC-64C78686B4EB}.Release|Any CPU.ActiveCfg = Release|Any CPU
		{A08F02E8-8BBF-4765-A0DC-64C78686B4EB}.Release|Any CPU.Build.0 = Release|Any CPU
		{738F003D-8F8E-4E08-9C1A-589E7ACFCA97}.Debug|Any CPU.ActiveCfg = Debug|Any CPU
		{738F003D-8F8E-4E08-9C1A-589E7ACFCA97}.Debug|Any CPU.Build.0 = Debug|Any CPU
		{738F003D-8F8E-4E08-9C1A-589E7ACFCA97}.Release|Any CPU.ActiveCfg = Release|Any CPU
		{738F003D-8F8E-4E08-9C1A-589E7ACFCA97}.Release|Any CPU.Build.0 = Release|Any CPU
		{A323140A-F1DB-4B77-AE60-5208B3515F1E}.Debug|Any CPU.ActiveCfg = Debug|Any CPU
		{A323140A-F1DB-4B77-AE60-5208B3515F1E}.Debug|Any CPU.Build.0 = Debug|Any CPU
		{A323140A-F1DB-4B77-AE60-5208B3515F1E}.Release|Any CPU.ActiveCfg = Release|Any CPU
		{A323140A-F1DB-4B77-AE60-5208B3515F1E}.Release|Any CPU.Build.0 = Release|Any CPU
		{A5191311-827F-42A7-A0E4-2A2BEC7D4304}.Debug|Any CPU.ActiveCfg = Debug|Any CPU
		{A5191311-827F-42A7-A0E4-2A2BEC7D4304}.Debug|Any CPU.Build.0 = Debug|Any CPU
		{A5191311-827F-42A7-A0E4-2A2BEC7D4304}.Release|Any CPU.ActiveCfg = Release|Any CPU
		{A5191311-827F-42A7-A0E4-2A2BEC7D4304}.Release|Any CPU.Build.0 = Release|Any CPU
	EndGlobalSection
	GlobalSection(SolutionProperties) = preSolution
		HideSolutionNode = FALSE
	EndGlobalSection
	GlobalSection(NestedProjects) = preSolution
		{17BAE9F6-67E4-47A0-ADF4-A292F9813762} = {F5F89018-9C90-4B9B-BCDA-6A1E0295146D}
		{A08F02E8-8BBF-4765-A0DC-64C78686B4EB} = {F5F89018-9C90-4B9B-BCDA-6A1E0295146D}
		{738F003D-8F8E-4E08-9C1A-589E7ACFCA97} = {F5F89018-9C90-4B9B-BCDA-6A1E0295146D}
		{A323140A-F1DB-4B77-AE60-5208B3515F1E} = {F5F89018-9C90-4B9B-BCDA-6A1E0295146D}
		{A5191311-827F-42A7-A0E4-2A2BEC7D4304} = {F5F89018-9C90-4B9B-BCDA-6A1E0295146D}
	EndGlobalSection
	GlobalSection(ExtensibilityGlobals) = postSolution
		SolutionGuid = {766D79D6-DD50-4A94-A136-992559359D1F}
	EndGlobalSection
EndGlobal
